{
  "version": 4,
  "terraform_version": "1.7.1",
  "serial": 22,
  "lineage": "daa026d8-1aa1-161a-b7a3-02541f1b6f4e",
  "outputs": {
    "web-app-container-info": {
      "value": [
        {
          "hostname": "web-app-ct-1",
          "ip-addr": "192.168.0.253/24"
        },
        {
          "hostname": "web-app-ct-2",
          "ip-addr": "192.168.0.254/24"
        }
      ],
      "type": [
        "tuple",
        [
          [
            "object",
            {
              "hostname": "string",
              "ip-addr": "string"
            }
          ],
          [
            "object",
            {
              "hostname": "string",
              "ip-addr": "string"
            }
          ]
        ]
      ]
    },
    "web-app_info": {
      "value": [
        {
          "hostname": "web-app-1",
          "ip-addr": "192.168.0.251"
        },
        {
          "hostname": "web-app-2",
          "ip-addr": "192.168.0.252"
        }
      ],
      "type": [
        "tuple",
        [
          [
            "object",
            {
              "hostname": "string",
              "ip-addr": "string"
            }
          ],
          [
            "object",
            {
              "hostname": "string",
              "ip-addr": "string"
            }
          ]
        ]
      ]
    }
  },
  "resources": [
    {
      "mode": "managed",
      "type": "proxmox_lxc",
      "name": "web-app-container",
      "provider": "provider[\"registry.terraform.io/telmate/proxmox\"]",
      "instances": [
        {
          "index_key": 0,
          "schema_version": 0,
          "attributes": {
            "arch": "amd64",
            "bwlimit": 0,
            "clone": null,
            "clone_storage": null,
            "cmode": "tty",
            "console": true,
            "cores": 1,
            "cpulimit": 0,
            "cpuunits": 1024,
            "description": "",
            "features": [],
            "force": false,
            "full": null,
            "hagroup": "",
            "hastate": "",
            "hookscript": "",
            "hostname": "web-app-ct-1",
            "id": "pve/lxc/101",
            "ignore_unpack_errors": false,
            "lock": "",
            "memory": 1024,
            "mountpoint": [],
            "nameserver": "",
            "network": [
              {
                "bridge": "vmbr0",
                "firewall": false,
                "gw": "192.168.0.1",
                "gw6": "",
                "hwaddr": "D2:A2:AD:4F:6C:8D",
                "ip": "192.168.0.253/24",
                "ip6": "",
                "mtu": 0,
                "name": "eth0",
                "rate": 0,
                "tag": 0,
                "trunks": "",
                "type": "veth"
              }
            ],
            "onboot": false,
            "ostemplate": "local:vztmpl/ubuntu-20.04-standard_20.04-1_amd64.tar.gz",
            "ostype": "ubuntu",
            "password": "Password",
            "pool": null,
            "protection": false,
            "restore": false,
            "rootfs": [
              {
                "acl": false,
                "quota": false,
                "replicate": false,
                "ro": false,
                "shared": false,
                "size": "10G",
                "storage": "local-lvm",
                "volume": "local-lvm:vm-101-disk-0"
              }
            ],
            "searchdomain": "",
            "ssh_public_keys": "ssh-rsa AAAAB3NzaC1yc2EAAAADAQABAAABgQDHajX26C3Ku1DY2SJI9zO27ycaRsGGA78vf68k2wc/+5+fMIOUJPodnS5c2vFLH4SB6twLsa36I7DJEsi3vH8NCUCvxANgSV28eMEu4ty6wnYmy7EF+tOa6qVadD9fEcNO/eGK0upkaAV+uAqoO2ZpXBmPk+wJpCNKQOv2AcVTBGF0uEo1TaCe2Y5xT9x9owskgx8vcaQBvWgsWY7bTJH+G7pd8QRSEQhczZWennBq8SX6k6mfFdl7Lh1BPYX87VCqCbxmpd6bkzczrSgH+I6BIjV0VRDHIJ1RzXp24TzMEb8j/3iQ1UI4lOdyKZ7QPWMBEfavuRupFUGJ7uYDBnY7Fwh68Bdp6gabCWqfW7cUxFDUhtbiZAMOY7RYsO8Lf5V38HOGnkAgeZiErISJfuS+3x6inZlxjRFZVgqsQrJfwGYg/WAAydU6jX7vO7fP/sQdjZ6fjBLcuZCPO40F4i55lcAZdZBC1Cp0cc6jpRZXVSCYnXhULNtoGQVTlJp8nTU= albadriyano@badrey\n",
            "start": false,
            "startup": "",
            "swap": 0,
            "tags": "",
            "target_node": "pve",
            "template": false,
            "timeouts": null,
            "tty": 2,
            "unique": false,
            "unprivileged": false,
            "unused": [],
            "vmid": null
          },
          "sensitive_attributes": [],
          "private": "eyJlMmJmYjczMC1lY2FhLTExZTYtOGY4OC0zNDM2M2JjN2M0YzAiOnsiY3JlYXRlIjoxMjAwMDAwMDAwMDAwLCJkZWZhdWx0IjoxMjAwMDAwMDAwMDAwLCJkZWxldGUiOjEyMDAwMDAwMDAwMDAsInJlYWQiOjEyMDAwMDAwMDAwMDAsInVwZGF0ZSI6MTIwMDAwMDAwMDAwMH19"
        },
        {
          "index_key": 1,
          "schema_version": 0,
          "attributes": {
            "arch": "amd64",
            "bwlimit": 0,
            "clone": null,
            "clone_storage": null,
            "cmode": "tty",
            "console": true,
            "cores": 1,
            "cpulimit": 0,
            "cpuunits": 1024,
            "description": "",
            "features": [],
            "force": false,
            "full": null,
            "hagroup": "",
            "hastate": "",
            "hookscript": "",
            "hostname": "web-app-ct-2",
            "id": "pve/lxc/100",
            "ignore_unpack_errors": false,
            "lock": "",
            "memory": 1024,
            "mountpoint": [],
            "nameserver": "",
            "network": [
              {
                "bridge": "vmbr0",
                "firewall": false,
                "gw": "192.168.0.1",
                "gw6": "",
                "hwaddr": "1E:8D:1B:CD:6A:5C",
                "ip": "192.168.0.254/24",
                "ip6": "",
                "mtu": 0,
                "name": "eth0",
                "rate": 0,
                "tag": 0,
                "trunks": "",
                "type": "veth"
              }
            ],
            "onboot": false,
            "ostemplate": "local:vztmpl/ubuntu-20.04-standard_20.04-1_amd64.tar.gz",
            "ostype": "ubuntu",
            "password": "Password",
            "pool": null,
            "protection": false,
            "restore": false,
            "rootfs": [
              {
                "acl": false,
                "quota": false,
                "replicate": false,
                "ro": false,
                "shared": false,
                "size": "10G",
                "storage": "local-lvm",
                "volume": "local-lvm:vm-100-disk-0"
              }
            ],
            "searchdomain": "",
            "ssh_public_keys": "ssh-rsa AAAAB3NzaC1yc2EAAAADAQABAAABgQDHajX26C3Ku1DY2SJI9zO27ycaRsGGA78vf68k2wc/+5+fMIOUJPodnS5c2vFLH4SB6twLsa36I7DJEsi3vH8NCUCvxANgSV28eMEu4ty6wnYmy7EF+tOa6qVadD9fEcNO/eGK0upkaAV+uAqoO2ZpXBmPk+wJpCNKQOv2AcVTBGF0uEo1TaCe2Y5xT9x9owskgx8vcaQBvWgsWY7bTJH+G7pd8QRSEQhczZWennBq8SX6k6mfFdl7Lh1BPYX87VCqCbxmpd6bkzczrSgH+I6BIjV0VRDHIJ1RzXp24TzMEb8j/3iQ1UI4lOdyKZ7QPWMBEfavuRupFUGJ7uYDBnY7Fwh68Bdp6gabCWqfW7cUxFDUhtbiZAMOY7RYsO8Lf5V38HOGnkAgeZiErISJfuS+3x6inZlxjRFZVgqsQrJfwGYg/WAAydU6jX7vO7fP/sQdjZ6fjBLcuZCPO40F4i55lcAZdZBC1Cp0cc6jpRZXVSCYnXhULNtoGQVTlJp8nTU= albadriyano@badrey\n",
            "start": false,
            "startup": "",
            "swap": 0,
            "tags": "",
            "target_node": "pve",
            "template": false,
            "timeouts": null,
            "tty": 2,
            "unique": false,
            "unprivileged": false,
            "unused": [],
            "vmid": null
          },
          "sensitive_attributes": [],
          "private": "eyJlMmJmYjczMC1lY2FhLTExZTYtOGY4OC0zNDM2M2JjN2M0YzAiOnsiY3JlYXRlIjoxMjAwMDAwMDAwMDAwLCJkZWZhdWx0IjoxMjAwMDAwMDAwMDAwLCJkZWxldGUiOjEyMDAwMDAwMDAwMDAsInJlYWQiOjEyMDAwMDAwMDAwMDAsInVwZGF0ZSI6MTIwMDAwMDAwMDAwMH19"
        }
      ]
    },
    {
      "mode": "managed",
      "type": "proxmox_vm_qemu",
      "name": "website1",
      "provider": "provider[\"registry.terraform.io/telmate/proxmox\"]",
      "instances": [
        {
          "index_key": 0,
          "schema_version": 0,
          "attributes": {
            "additional_wait": 5,
            "agent": 1,
            "args": "",
            "automatic_reboot": true,
            "balloon": 0,
            "bios": "seabios",
            "boot": "c",
            "bootdisk": "scsi0",
            "bridge": null,
            "ci_wait": null,
            "cicustom": "",
            "cipassword": "Password",
            "ciuser": "root",
            "clone": "ubuntu-jammy",
            "clone_wait": 10,
            "cloudinit_cdrom_storage": "local-lvm",
            "cores": 1,
            "cpu": "host",
            "default_ipv4_address": "192.168.0.251",
            "define_connection_info": true,
            "desc": "website dengan package web server apache2 dan nanti digabungkan dengan container yang berisi package database mysql",
            "disk": [
              {
                "aio": "",
                "backup": true,
                "cache": "none",
                "discard": "",
                "file": "vm-111-disk-0",
                "format": "raw",
                "iops": 0,
                "iops_max": 0,
                "iops_max_length": 0,
                "iops_rd": 0,
                "iops_rd_max": 0,
                "iops_rd_max_length": 0,
                "iops_wr": 0,
                "iops_wr_max": 0,
                "iops_wr_max_length": 0,
                "iothread": 0,
                "mbps": 0,
                "mbps_rd": 0,
                "mbps_rd_max": 0,
                "mbps_wr": 0,
                "mbps_wr_max": 0,
                "media": "",
                "replicate": 0,
                "size": "10G",
                "slot": 0,
                "ssd": 0,
                "storage": "local-lvm",
                "storage_type": "lvmthin",
                "type": "scsi",
                "volume": "local-lvm:vm-111-disk-0"
              }
            ],
            "disk_gb": null,
            "force_create": false,
            "force_recreate_on_change_of": null,
            "full_clone": true,
            "guest_agent_ready_timeout": 100,
            "hagroup": "",
            "hastate": "",
            "hostpci": [],
            "hotplug": "network,disk,usb",
            "id": "pve/qemu/111",
            "ipconfig0": "ip=192.168.0.251/24,gw=192.168.0.1",
            "ipconfig1": "",
            "ipconfig10": "",
            "ipconfig11": "",
            "ipconfig12": "",
            "ipconfig13": "",
            "ipconfig14": "",
            "ipconfig15": "",
            "ipconfig2": "",
            "ipconfig3": "",
            "ipconfig4": "",
            "ipconfig5": "",
            "ipconfig6": "",
            "ipconfig7": "",
            "ipconfig8": "",
            "ipconfig9": "",
            "iso": null,
            "kvm": true,
            "mac": null,
            "machine": "",
            "memory": 1024,
            "name": "web-app-1",
            "nameserver": "",
            "network": [
              {
                "bridge": "vmbr0",
                "firewall": false,
                "link_down": false,
                "macaddr": "2E:2A:BB:E4:C5:A5",
                "model": "virtio",
                "mtu": 0,
                "queues": 0,
                "rate": 0,
                "tag": -1
              }
            ],
            "nic": null,
            "numa": false,
            "onboot": false,
            "oncreate": true,
            "os_network_config": null,
            "os_type": "cloud_init",
            "pool": "",
            "preprovision": true,
            "pxe": null,
            "qemu_os": "other",
            "reboot_required": false,
            "scsihw": "virtio-scsi-pci",
            "searchdomain": "",
            "serial": [],
            "sockets": 1,
            "ssh_forward_ip": null,
            "ssh_host": "192.168.0.251",
            "ssh_port": "22",
            "ssh_private_key": null,
            "ssh_user": null,
            "sshkeys": "ssh-rsa AAAAB3NzaC1yc2EAAAADAQABAAABgQDHajX26C3Ku1DY2SJI9zO27ycaRsGGA78vf68k2wc/+5+fMIOUJPodnS5c2vFLH4SB6twLsa36I7DJEsi3vH8NCUCvxANgSV28eMEu4ty6wnYmy7EF+tOa6qVadD9fEcNO/eGK0upkaAV+uAqoO2ZpXBmPk+wJpCNKQOv2AcVTBGF0uEo1TaCe2Y5xT9x9owskgx8vcaQBvWgsWY7bTJH+G7pd8QRSEQhczZWennBq8SX6k6mfFdl7Lh1BPYX87VCqCbxmpd6bkzczrSgH+I6BIjV0VRDHIJ1RzXp24TzMEb8j/3iQ1UI4lOdyKZ7QPWMBEfavuRupFUGJ7uYDBnY7Fwh68Bdp6gabCWqfW7cUxFDUhtbiZAMOY7RYsO8Lf5V38HOGnkAgeZiErISJfuS+3x6inZlxjRFZVgqsQrJfwGYg/WAAydU6jX7vO7fP/sQdjZ6fjBLcuZCPO40F4i55lcAZdZBC1Cp0cc6jpRZXVSCYnXhULNtoGQVTlJp8nTU= albadriyano@badrey\n\n\n\n\n",
            "startup": "",
            "storage": null,
            "storage_type": null,
            "tablet": true,
            "tags": "",
            "target_node": "pve",
            "timeouts": null,
            "unused_disk": [],
            "usb": [],
            "vcpus": 0,
            "vga": [],
            "vlan": -1,
            "vmid": 111
          },
          "sensitive_attributes": [
            [
              {
                "type": "get_attr",
                "value": "cipassword"
              }
            ]
          ],
          "private": "eyJlMmJmYjczMC1lY2FhLTExZTYtOGY4OC0zNDM2M2JjN2M0YzAiOnsiY3JlYXRlIjoxMjAwMDAwMDAwMDAwLCJkZWZhdWx0IjoxMjAwMDAwMDAwMDAwLCJkZWxldGUiOjEyMDAwMDAwMDAwMDAsInJlYWQiOjEyMDAwMDAwMDAwMDAsInVwZGF0ZSI6MTIwMDAwMDAwMDAwMH19"
        },
        {
          "index_key": 1,
          "schema_version": 0,
          "attributes": {
            "additional_wait": 5,
            "agent": 1,
            "args": "",
            "automatic_reboot": true,
            "balloon": 0,
            "bios": "seabios",
            "boot": "c",
            "bootdisk": "scsi0",
            "bridge": null,
            "ci_wait": null,
            "cicustom": "",
            "cipassword": "Password",
            "ciuser": "root",
            "clone": "ubuntu-jammy",
            "clone_wait": 10,
            "cloudinit_cdrom_storage": "local-lvm",
            "cores": 1,
            "cpu": "host",
            "default_ipv4_address": "192.168.0.252",
            "define_connection_info": true,
            "desc": "website dengan package web server apache2 dan nanti digabungkan dengan container yang berisi package database mysql",
            "disk": [
              {
                "aio": "",
                "backup": true,
                "cache": "none",
                "discard": "",
                "file": "vm-112-disk-0",
                "format": "raw",
                "iops": 0,
                "iops_max": 0,
                "iops_max_length": 0,
                "iops_rd": 0,
                "iops_rd_max": 0,
                "iops_rd_max_length": 0,
                "iops_wr": 0,
                "iops_wr_max": 0,
                "iops_wr_max_length": 0,
                "iothread": 0,
                "mbps": 0,
                "mbps_rd": 0,
                "mbps_rd_max": 0,
                "mbps_wr": 0,
                "mbps_wr_max": 0,
                "media": "",
                "replicate": 0,
                "size": "10G",
                "slot": 0,
                "ssd": 0,
                "storage": "local-lvm",
                "storage_type": "lvmthin",
                "type": "scsi",
                "volume": "local-lvm:vm-112-disk-0"
              }
            ],
            "disk_gb": null,
            "force_create": false,
            "force_recreate_on_change_of": null,
            "full_clone": true,
            "guest_agent_ready_timeout": 100,
            "hagroup": "",
            "hastate": "",
            "hostpci": [],
            "hotplug": "network,disk,usb",
            "id": "pve/qemu/112",
            "ipconfig0": "ip=192.168.0.252/24,gw=192.168.0.1",
            "ipconfig1": "",
            "ipconfig10": "",
            "ipconfig11": "",
            "ipconfig12": "",
            "ipconfig13": "",
            "ipconfig14": "",
            "ipconfig15": "",
            "ipconfig2": "",
            "ipconfig3": "",
            "ipconfig4": "",
            "ipconfig5": "",
            "ipconfig6": "",
            "ipconfig7": "",
            "ipconfig8": "",
            "ipconfig9": "",
            "iso": null,
            "kvm": true,
            "mac": null,
            "machine": "",
            "memory": 1024,
            "name": "web-app-2",
            "nameserver": "",
            "network": [
              {
                "bridge": "vmbr0",
                "firewall": false,
                "link_down": false,
                "macaddr": "0A:E4:08:BC:6D:2A",
                "model": "virtio",
                "mtu": 0,
                "queues": 0,
                "rate": 0,
                "tag": -1
              }
            ],
            "nic": null,
            "numa": false,
            "onboot": false,
            "oncreate": true,
            "os_network_config": null,
            "os_type": "cloud_init",
            "pool": "",
            "preprovision": true,
            "pxe": null,
            "qemu_os": "other",
            "reboot_required": false,
            "scsihw": "virtio-scsi-pci",
            "searchdomain": "",
            "serial": [],
            "sockets": 1,
            "ssh_forward_ip": null,
            "ssh_host": "192.168.0.252",
            "ssh_port": "22",
            "ssh_private_key": null,
            "ssh_user": null,
            "sshkeys": "ssh-rsa AAAAB3NzaC1yc2EAAAADAQABAAABgQDHajX26C3Ku1DY2SJI9zO27ycaRsGGA78vf68k2wc/+5+fMIOUJPodnS5c2vFLH4SB6twLsa36I7DJEsi3vH8NCUCvxANgSV28eMEu4ty6wnYmy7EF+tOa6qVadD9fEcNO/eGK0upkaAV+uAqoO2ZpXBmPk+wJpCNKQOv2AcVTBGF0uEo1TaCe2Y5xT9x9owskgx8vcaQBvWgsWY7bTJH+G7pd8QRSEQhczZWennBq8SX6k6mfFdl7Lh1BPYX87VCqCbxmpd6bkzczrSgH+I6BIjV0VRDHIJ1RzXp24TzMEb8j/3iQ1UI4lOdyKZ7QPWMBEfavuRupFUGJ7uYDBnY7Fwh68Bdp6gabCWqfW7cUxFDUhtbiZAMOY7RYsO8Lf5V38HOGnkAgeZiErISJfuS+3x6inZlxjRFZVgqsQrJfwGYg/WAAydU6jX7vO7fP/sQdjZ6fjBLcuZCPO40F4i55lcAZdZBC1Cp0cc6jpRZXVSCYnXhULNtoGQVTlJp8nTU= albadriyano@badrey\n\n\n\n\n",
            "startup": "",
            "storage": null,
            "storage_type": null,
            "tablet": true,
            "tags": "",
            "target_node": "pve",
            "timeouts": null,
            "unused_disk": [],
            "usb": [],
            "vcpus": 0,
            "vga": [],
            "vlan": -1,
            "vmid": 112
          },
          "sensitive_attributes": [
            [
              {
                "type": "get_attr",
                "value": "cipassword"
              }
            ]
          ],
          "private": "eyJlMmJmYjczMC1lY2FhLTExZTYtOGY4OC0zNDM2M2JjN2M0YzAiOnsiY3JlYXRlIjoxMjAwMDAwMDAwMDAwLCJkZWZhdWx0IjoxMjAwMDAwMDAwMDAwLCJkZWxldGUiOjEyMDAwMDAwMDAwMDAsInJlYWQiOjEyMDAwMDAwMDAwMDAsInVwZGF0ZSI6MTIwMDAwMDAwMDAwMH19"
        }
      ]
    }
  ],
  "check_results": null
}
